
Microsoft Visual Studio Solution File, Format Version 12.00
# Visual Studio Version 17
VisualStudioVersion = 17.9.34622.214
MinimumVisualStudioVersion = 10.0.40219.1
Project("{FAE04EC0-301F-11D3-BF4B-00C04F79EFBC}") = "CSharpKatas", "CSharpKatas\CSharpKatas.csproj", "{52BD9D33-E888-4D1B-9A76-51C7CACAFCA2}"
EndProject
Project("{FAE04EC0-301F-11D3-BF4B-00C04F79EFBC}") = "CSharpKatas.Test", "CSharpKatas.Test\CSharpKatas.Test.csproj", "{E8771A4F-F86B-4B9B-AD4F-ECD15BF3BA6F}"
EndProject
Global
	GlobalSection(SolutionConfigurationPlatforms) = preSolution
		Debug|Any CPU = Debug|Any CPU
		Release|Any CPU = Release|Any CPU
	EndGlobalSection
	GlobalSection(ProjectConfigurationPlatforms) = postSolution
		{52BD9D33-E888-4D1B-9A76-51C7CACAFCA2}.Debug|Any CPU.ActiveCfg = Debug|Any CPU
		{52BD9D33-E888-4D1B-9A76-51C7CACAFCA2}.Debug|Any CPU.Build.0 = Debug|Any CPU
		{52BD9D33-E888-4D1B-9A76-51C7CACAFCA2}.Release|Any CPU.ActiveCfg = Release|Any CPU
		{52BD9D33-E888-4D1B-9A76-51C7CACAFCA2}.Release|Any CPU.Build.0 = Release|Any CPU
		{E8771A4F-F86B-4B9B-AD4F-ECD15BF3BA6F}.Debug|Any CPU.ActiveCfg = Debug|Any CPU
		{E8771A4F-F86B-4B9B-AD4F-ECD15BF3BA6F}.Debug|Any CPU.Build.0 = Debug|Any CPU
		{E8771A4F-F86B-4B9B-AD4F-ECD15BF3BA6F}.Release|Any CPU.ActiveCfg = Release|Any CPU
		{E8771A4F-F86B-4B9B-AD4F-ECD15BF3BA6F}.Release|Any CPU.Build.0 = Release|Any CPU
	EndGlobalSection
	GlobalSection(SolutionProperties) = preSolution
		HideSolutionNode = FALSE
	EndGlobalSection
	GlobalSection(ExtensibilityGlobals) = postSolution
		SolutionGuid = {EF7CCE96-5DCA-438C-A4F6-BEA97232E9E3}
	EndGlobalSection
EndGlobal
